dependencies:
  espressif/esp_modem:
    component_hash: 40af7f39c6c8c0c85c98014721fca8d9d2186f18f70645c66b94548192cf1e03
    dependencies:
    - name: idf
      require: private
      version: '>=4.1'
    source:
      registry_url: https://components.espressif.com/
      type: service
    version: 1.4.2
  idf:
    source:
      type: idf
    version: 5.5.3
direct_dependencies:
- espressif/esp_modem
- idf
manifest_hash: 19ed1ead89d28b0212167ac01e8e747dab586e509670d5282db6cc67337ce45c
target: esp32
version: 2.0.0
